// !$*UTF8*$!
{
	archiveVersion = 1;
	classes = {
	};
	objectVersion = 50;
	objects = {

/* Begin PBXBuildFile section */
		1E258E21E6CEF66475454E86 /* Pods_FlixTests.framework in Frameworks */ = {isa = PBXBuildFile; fileRef = B9E4B230F1C7031C2057EFD0 /* Pods_FlixTests.framework */; };
		3D53B76B2EB802897B27ED93 /* Pods_Flix.framework in Frameworks */ = {isa = PBXBuildFile; fileRef = 280B1D9A2478BE41902DA12B /* Pods_Flix.framework */; };
		B28BE77BB924A63F8B9A1871 /* Pods_FlixUITests.framework in Frameworks */ = {isa = PBXBuildFile; fileRef = B80305AF8884B6F1ACB86114 /* Pods_FlixUITests.framework */; };
		C74D89422166C3DF008BC204 /* DetailViewController.swift in Sources */ = {isa = PBXBuildFile; fileRef = C74D89412166C3DF008BC204 /* DetailViewController.swift */; };
		C74D894421672E3F008BC204 /* PosterCell.swift in Sources */ = {isa = PBXBuildFile; fileRef = C74D894321672E3F008BC204 /* PosterCell.swift */; };
		C74D894621672EC1008BC204 /* SuperheroViewController.swift in Sources */ = {isa = PBXBuildFile; fileRef = C74D894521672EC1008BC204 /* SuperheroViewController.swift */; };
		C770D7D6215C95C1004709FB /* AppDelegate.swift in Sources */ = {isa = PBXBuildFile; fileRef = C770D7D5215C95C1004709FB /* AppDelegate.swift */; };
		C770D7DB215C95C1004709FB /* Main.storyboard in Resources */ = {isa = PBXBuildFile; fileRef = C770D7D9215C95C1004709FB /* Main.storyboard */; };
		C770D7DD215C95C3004709FB /* Assets.xcassets in Resources */ = {isa = PBXBuildFile; fileRef = C770D7DC215C95C3004709FB /* Assets.xcassets */; };
		C770D7E0215C95C3004709FB /* LaunchScreen.storyboard in Resources */ = {isa = PBXBuildFile; fileRef = C770D7DE215C95C3004709FB /* LaunchScreen.storyboard */; };
		C770D7EB215C95C3004709FB /* FlixTests.swift in Sources */ = {isa = PBXBuildFile; fileRef = C770D7EA215C95C3004709FB /* FlixTests.swift */; };
		C770D7F6215C95C3004709FB /* FlixUITests.swift in Sources */ = {isa = PBXBuildFile; fileRef = C770D7F5215C95C3004709FB /* FlixUITests.swift */; };
		C770D804215C9C48004709FB /* NowPlayingViewController.swift in Sources */ = {isa = PBXBuildFile; fileRef = C770D803215C9C48004709FB /* NowPlayingViewController.swift */; };
		C770D806215CAB84004709FB /* MovieCell.swift in Sources */ = {isa = PBXBuildFile; fileRef = C770D805215CAB84004709FB /* MovieCell.swift */; };
/* End PBXBuildFile section */

/* Begin PBXContainerItemProxy section */
		C770D7E7215C95C3004709FB /* PBXContainerItemProxy */ = {
			isa = PBXContainerItemProxy;
			containerPortal = C770D7CA215C95C1004709FB /* Project object */;
			proxyType = 1;
			remoteGlobalIDString = C770D7D1215C95C1004709FB;
			remoteInfo = Flix;
		};
		C770D7F2215C95C3004709FB /* PBXContainerItemProxy */ = {
			isa = PBXContainerItemProxy;
			containerPortal = C770D7CA215C95C1004709FB /* Project object */;
			proxyType = 1;
			remoteGlobalIDString = C770D7D1215C95C1004709FB;
			remoteInfo = Flix;
		};
/* End PBXContainerItemProxy section */

/* Begin PBXFileReference section */
		280B1D9A2478BE41902DA12B /* Pods_Flix.framework */ = {isa = PBXFileReference; explicitFileType = wrapper.framework; includeInIndex = 0; path = Pods_Flix.framework; sourceTree = BUILT_PRODUCTS_DIR; };
		91D04AEEAAFD3B1C277B1423 /* Pods-FlixTests.release.xcconfig */ = {isa = PBXFileReference; includeInIndex = 1; lastKnownFileType = text.xcconfig; name = "Pods-FlixTests.release.xcconfig"; path = "Pods/Target Support Files/Pods-FlixTests/Pods-FlixTests.release.xcconfig"; sourceTree = "<group>"; };
		AD308EF8846784EB63D165CF /* Pods-FlixUITests.release.xcconfig */ = {isa = PBXFileReference; includeInIndex = 1; lastKnownFileType = text.xcconfig; name = "Pods-FlixUITests.release.xcconfig"; path = "Pods/Target Support Files/Pods-FlixUITests/Pods-FlixUITests.release.xcconfig"; sourceTree = "<group>"; };
		B61FEAA6C68F8412B57F3096 /* Pods-FlixUITests.debug.xcconfig */ = {isa = PBXFileReference; includeInIndex = 1; lastKnownFileType = text.xcconfig; name = "Pods-FlixUITests.debug.xcconfig"; path = "Pods/Target Support Files/Pods-FlixUITests/Pods-FlixUITests.debug.xcconfig"; sourceTree = "<group>"; };
		B80305AF8884B6F1ACB86114 /* Pods_FlixUITests.framework */ = {isa = PBXFileReference; explicitFileType = wrapper.framework; includeInIndex = 0; path = Pods_FlixUITests.framework; sourceTree = BUILT_PRODUCTS_DIR; };
		B9E4B230F1C7031C2057EFD0 /* Pods_FlixTests.framework */ = {isa = PBXFileReference; explicitFileType = wrapper.framework; includeInIndex = 0; path = Pods_FlixTests.framework; sourceTree = BUILT_PRODUCTS_DIR; };
		BBA1E1941A0AE9897A6B0F1D /* Pods-Flix.release.xcconfig */ = {isa = PBXFileReference; includeInIndex = 1; lastKnownFileType = text.xcconfig; name = "Pods-Flix.release.xcconfig"; path = "Pods/Target Support Files/Pods-Flix/Pods-Flix.release.xcconfig"; sourceTree = "<group>"; };
		C74D89412166C3DF008BC204 /* DetailViewController.swift */ = {isa = PBXFileReference; lastKnownFileType = sourcecode.swift; path = DetailViewController.swift; sourceTree = "<group>"; };
		C74D894321672E3F008BC204 /* PosterCell.swift */ = {isa = PBXFileReference; lastKnownFileType = sourcecode.swift; path = PosterCell.swift; sourceTree = "<group>"; };
		C74D894521672EC1008BC204 /* SuperheroViewController.swift */ = {isa = PBXFileReference; lastKnownFileType = sourcecode.swift; path = SuperheroViewController.swift; sourceTree = "<group>"; };
		C770D7D2215C95C1004709FB /* Flix.app */ = {isa = PBXFileReference; explicitFileType = wrapper.application; includeInIndex = 0; path = Flix.app; sourceTree = BUILT_PRODUCTS_DIR; };
		C770D7D5215C95C1004709FB /* AppDelegate.swift */ = {isa = PBXFileReference; lastKnownFileType = sourcecode.swift; path = AppDelegate.swift; sourceTree = "<group>"; };
		C770D7DA215C95C1004709FB /* Base */ = {isa = PBXFileReference; lastKnownFileType = file.storyboard; name = Base; path = Base.lproj/Main.storyboard; sourceTree = "<group>"; };
		C770D7DC215C95C3004709FB /* Assets.xcassets */ = {isa = PBXFileReference; lastKnownFileType = folder.assetcatalog; path = Assets.xcassets; sourceTree = "<group>"; };
		C770D7DF215C95C3004709FB /* Base */ = {isa = PBXFileReference; lastKnownFileType = file.storyboard; name = Base; path = Base.lproj/LaunchScreen.storyboard; sourceTree = "<group>"; };
		C770D7E1215C95C3004709FB /* Info.plist */ = {isa = PBXFileReference; lastKnownFileType = text.plist.xml; path = Info.plist; sourceTree = "<group>"; };
		C770D7E6215C95C3004709FB /* FlixTests.xctest */ = {isa = PBXFileReference; explicitFileType = wrapper.cfbundle; includeInIndex = 0; path = FlixTests.xctest; sourceTree = BUILT_PRODUCTS_DIR; };
		C770D7EA215C95C3004709FB /* FlixTests.swift */ = {isa = PBXFileReference; lastKnownFileType = sourcecode.swift; path = FlixTests.swift; sourceTree = "<group>"; };
		C770D7EC215C95C3004709FB /* Info.plist */ = {isa = PBXFileReference; lastKnownFileType = text.plist.xml; path = Info.plist; sourceTree = "<group>"; };
		C770D7F1215C95C3004709FB /* FlixUITests.xctest */ = {isa = PBXFileReference; explicitFileType = wrapper.cfbundle; includeInIndex = 0; path = FlixUITests.xctest; sourceTree = BUILT_PRODUCTS_DIR; };
		C770D7F5215C95C3004709FB /* FlixUITests.swift */ = {isa = PBXFileReference; lastKnownFileType = sourcecode.swift; path = FlixUITests.swift; sourceTree = "<group>"; };
		C770D7F7215C95C3004709FB /* Info.plist */ = {isa = PBXFileReference; lastKnownFileType = text.plist.xml; path = Info.plist; sourceTree = "<group>"; };
		C770D803215C9C48004709FB /* NowPlayingViewController.swift */ = {isa = PBXFileReference; lastKnownFileType = sourcecode.swift; path = NowPlayingViewController.swift; sourceTree = "<group>"; };
		C770D805215CAB84004709FB /* MovieCell.swift */ = {isa = PBXFileReference; lastKnownFileType = sourcecode.swift; path = MovieCell.swift; sourceTree = "<group>"; };
		D3B735C736B59A17ED7B960E /* Pods-Flix.debug.xcconfig */ = {isa = PBXFileReference; includeInIndex = 1; lastKnownFileType = text.xcconfig; name = "Pods-Flix.debug.xcconfig"; path = "Pods/Target Support Files/Pods-Flix/Pods-Flix.debug.xcconfig"; sourceTree = "<group>"; };
		D421DFF40E5689D4B87D25A6 /* Pods-FlixTests.debug.xcconfig */ = {isa = PBXFileReference; includeInIndex = 1; lastKnownFileType = text.xcconfig; name = "Pods-FlixTests.debug.xcconfig"; path = "Pods/Target Support Files/Pods-FlixTests/Pods-FlixTests.debug.xcconfig"; sourceTree = "<group>"; };
/* End PBXFileReference section */

/* Begin PBXFrameworksBuildPhase section */
		C770D7CF215C95C1004709FB /* Frameworks */ = {
			isa = PBXFrameworksBuildPhase;
			buildActionMask = 2147483647;
			files = (
				3D53B76B2EB802897B27ED93 /* Pods_Flix.framework in Frameworks */,
			);
			runOnlyForDeploymentPostprocessing = 0;
		};
		C770D7E3215C95C3004709FB /* Frameworks */ = {
			isa = PBXFrameworksBuildPhase;
			buildActionMask = 2147483647;
			files = (
				1E258E21E6CEF66475454E86 /* Pods_FlixTests.framework in Frameworks */,
			);
			runOnlyForDeploymentPostprocessing = 0;
		};
		C770D7EE215C95C3004709FB /* Frameworks */ = {
			isa = PBXFrameworksBuildPhase;
			buildActionMask = 2147483647;
			files = (
				B28BE77BB924A63F8B9A1871 /* Pods_FlixUITests.framework in Frameworks */,
			);
			runOnlyForDeploymentPostprocessing = 0;
		};
/* End PBXFrameworksBuildPhase section */

/* Begin PBXGroup section */
		1005358E024F72579C707B90 /* Pods */ = {
			isa = PBXGroup;
			children = (
				D3B735C736B59A17ED7B960E /* Pods-Flix.debug.xcconfig */,
				BBA1E1941A0AE9897A6B0F1D /* Pods-Flix.release.xcconfig */,
				D421DFF40E5689D4B87D25A6 /* Pods-FlixTests.debug.xcconfig */,
				91D04AEEAAFD3B1C277B1423 /* Pods-FlixTests.release.xcconfig */,
				B61FEAA6C68F8412B57F3096 /* Pods-FlixUITests.debug.xcconfig */,
				AD308EF8846784EB63D165CF /* Pods-FlixUITests.release.xcconfig */,
			);
			name = Pods;
			sourceTree = "<group>";
		};
		B77305FF142DB00C81270BBC /* Frameworks */ = {
			isa = PBXGroup;
			children = (
				280B1D9A2478BE41902DA12B /* Pods_Flix.framework */,
				B9E4B230F1C7031C2057EFD0 /* Pods_FlixTests.framework */,
				B80305AF8884B6F1ACB86114 /* Pods_FlixUITests.framework */,
			);
			name = Frameworks;
			sourceTree = "<group>";
		};
		C74D893F2166C352008BC204 /* ViewControllers */ = {
			isa = PBXGroup;
			children = (
				C770D803215C9C48004709FB /* NowPlayingViewController.swift */,
				C74D89412166C3DF008BC204 /* DetailViewController.swift */,
				C74D894521672EC1008BC204 /* SuperheroViewController.swift */,
			);
			path = ViewControllers;
			sourceTree = "<group>";
		};
		C74D89402166C372008BC204 /* Views */ = {
			isa = PBXGroup;
			children = (
				C770D805215CAB84004709FB /* MovieCell.swift */,
				C74D894321672E3F008BC204 /* PosterCell.swift */,
			);
			path = Views;
			sourceTree = "<group>";
		};
		C770D7C9215C95C1004709FB = {
			isa = PBXGroup;
			children = (
				C770D7D4215C95C1004709FB /* Flix */,
				C770D7E9215C95C3004709FB /* FlixTests */,
				C770D7F4215C95C3004709FB /* FlixUITests */,
				C770D7D3215C95C1004709FB /* Products */,
				1005358E024F72579C707B90 /* Pods */,
				B77305FF142DB00C81270BBC /* Frameworks */,
			);
			sourceTree = "<group>";
		};
		C770D7D3215C95C1004709FB /* Products */ = {
			isa = PBXGroup;
			children = (
				C770D7D2215C95C1004709FB /* Flix.app */,
				C770D7E6215C95C3004709FB /* FlixTests.xctest */,
				C770D7F1215C95C3004709FB /* FlixUITests.xctest */,
			);
			name = Products;
			sourceTree = "<group>";
		};
		C770D7D4215C95C1004709FB /* Flix */ = {
			isa = PBXGroup;
			children = (
				C74D89402166C372008BC204 /* Views */,
				C74D893F2166C352008BC204 /* ViewControllers */,
				C770D7D5215C95C1004709FB /* AppDelegate.swift */,
				C770D7D9215C95C1004709FB /* Main.storyboard */,
				C770D7DC215C95C3004709FB /* Assets.xcassets */,
				C770D7DE215C95C3004709FB /* LaunchScreen.storyboard */,
				C770D7E1215C95C3004709FB /* Info.plist */,
			);
			path = Flix;
			sourceTree = "<group>";
		};
		C770D7E9215C95C3004709FB /* FlixTests */ = {
			isa = PBXGroup;
			children = (
				C770D7EA215C95C3004709FB /* FlixTests.swift */,
				C770D7EC215C95C3004709FB /* Info.plist */,
			);
			path = FlixTests;
			sourceTree = "<group>";
		};
		C770D7F4215C95C3004709FB /* FlixUITests */ = {
			isa = PBXGroup;
			children = (
				C770D7F5215C95C3004709FB /* FlixUITests.swift */,
				C770D7F7215C95C3004709FB /* Info.plist */,
			);
			path = FlixUITests;
			sourceTree = "<group>";
		};
/* End PBXGroup section */

/* Begin PBXNativeTarget section */
		C770D7D1215C95C1004709FB /* Flix */ = {
			isa = PBXNativeTarget;
			buildConfigurationList = C770D7FA215C95C3004709FB /* Build configuration list for PBXNativeTarget "Flix" */;
			buildPhases = (
				54E55AC2125770C101548970 /* [CP] Check Pods Manifest.lock */,
				C770D7CE215C95C1004709FB /* Sources */,
				C770D7CF215C95C1004709FB /* Frameworks */,
				C770D7D0215C95C1004709FB /* Resources */,
				C81E941430256B9787CECDE5 /* [CP] Embed Pods Frameworks */,
			);
			buildRules = (
			);
			dependencies = (
			);
			name = Flix;
			productName = Flix;
			productReference = C770D7D2215C95C1004709FB /* Flix.app */;
			productType = "com.apple.product-type.application";
		};
		C770D7E5215C95C3004709FB /* FlixTests */ = {
			isa = PBXNativeTarget;
			buildConfigurationList = C770D7FD215C95C3004709FB /* Build configuration list for PBXNativeTarget "FlixTests" */;
			buildPhases = (
				43E0C01C6C0BC8DF2338AFC2 /* [CP] Check Pods Manifest.lock */,
				C770D7E2215C95C3004709FB /* Sources */,
				C770D7E3215C95C3004709FB /* Frameworks */,
				C770D7E4215C95C3004709FB /* Resources */,
			);
			buildRules = (
			);
			dependencies = (
				C770D7E8215C95C3004709FB /* PBXTargetDependency */,
			);
			name = FlixTests;
			productName = FlixTests;
			productReference = C770D7E6215C95C3004709FB /* FlixTests.xctest */;
			productType = "com.apple.product-type.bundle.unit-test";
		};
		C770D7F0215C95C3004709FB /* FlixUITests */ = {
			isa = PBXNativeTarget;
			buildConfigurationList = C770D800215C95C3004709FB /* Build configuration list for PBXNativeTarget "FlixUITests" */;
			buildPhases = (
				346F37C55EA79E529D98BB5B /* [CP] Check Pods Manifest.lock */,
				C770D7ED215C95C3004709FB /* Sources */,
				C770D7EE215C95C3004709FB /* Frameworks */,
				C770D7EF215C95C3004709FB /* Resources */,
			);
			buildRules = (
			);
			dependencies = (
				C770D7F3215C95C3004709FB /* PBXTargetDependency */,
			);
			name = FlixUITests;
			productName = FlixUITests;
			productReference = C770D7F1215C95C3004709FB /* FlixUITests.xctest */;
			productType = "com.apple.product-type.bundle.ui-testing";
		};
/* End PBXNativeTarget section */

/* Begin PBXProject section */
		C770D7CA215C95C1004709FB /* Project object */ = {
			isa = PBXProject;
			attributes = {
				LastSwiftUpdateCheck = 1000;
				LastUpgradeCheck = 1000;
				ORGANIZATIONNAME = "Felipe De La Torre";
				TargetAttributes = {
					C770D7D1215C95C1004709FB = {
						CreatedOnToolsVersion = 10.0;
					};
					C770D7E5215C95C3004709FB = {
						CreatedOnToolsVersion = 10.0;
						TestTargetID = C770D7D1215C95C1004709FB;
					};
					C770D7F0215C95C3004709FB = {
						CreatedOnToolsVersion = 10.0;
						TestTargetID = C770D7D1215C95C1004709FB;
					};
				};
			};
			buildConfigurationList = C770D7CD215C95C1004709FB /* Build configuration list for PBXProject "Flix" */;
			compatibilityVersion = "Xcode 9.3";
			developmentRegion = en;
			hasScannedForEncodings = 0;
			knownRegions = (
				en,
				Base,
			);
			mainGroup = C770D7C9215C95C1004709FB;
			productRefGroup = C770D7D3215C95C1004709FB /* Products */;
			projectDirPath = "";
			projectRoot = "";
			targets = (
				C770D7D1215C95C1004709FB /* Flix */,
				C770D7E5215C95C3004709FB /* FlixTests */,
				C770D7F0215C95C3004709FB /* FlixUITests */,
			);
		};
/* End PBXProject section */

/* Begin PBXResourcesBuildPhase section */
		C770D7D0215C95C1004709FB /* Resources */ = {
			isa = PBXResourcesBuildPhase;
			buildActionMask = 2147483647;
			files = (
				C770D7E0215C95C3004709FB /* LaunchScreen.storyboard in Resources */,
				C770D7DD215C95C3004709FB /* Assets.xcassets in Resources */,
				C770D7DB215C95C1004709FB /* Main.storyboard in Resources */,
			);
			runOnlyForDeploymentPostprocessing = 0;
		};
		C770D7E4215C95C3004709FB /* Resources */ = {
			isa = PBXResourcesBuildPhase;
			buildActionMask = 2147483647;
			files = (
			);
			runOnlyForDeploymentPostprocessing = 0;
		};
		C770D7EF215C95C3004709FB /* Resources */ = {
			isa = PBXResourcesBuildPhase;
			buildActionMask = 2147483647;
			files = (
			);
			runOnlyForDeploymentPostprocessing = 0;
		};
/* End PBXResourcesBuildPhase section */

/* Begin PBXShellScriptBuildPhase section */
		346F37C55EA79E529D98BB5B /* [CP] Check Pods Manifest.lock */ = {
			isa = PBXShellScriptBuildPhase;
			buildActionMask = 2147483647;
			files = (
			);
			inputFileListPaths = (
			);
			inputPaths = (
				"${PODS_PODFILE_DIR_PATH}/Podfile.lock",
				"${PODS_ROOT}/Manifest.lock",
			);
			name = "[CP] Check Pods Manifest.lock";
			outputFileListPaths = (
			);
			outputPaths = (
				"$(DERIVED_FILE_DIR)/Pods-FlixUITests-checkManifestLockResult.txt",
			);
			runOnlyForDeploymentPostprocessing = 0;
			shellPath = /bin/sh;
			shellScript = "diff \"${PODS_PODFILE_DIR_PATH}/Podfile.lock\" \"${PODS_ROOT}/Manifest.lock\" > /dev/null\nif [ $? != 0 ] ; then\n    # print error to STDERR\n    echo \"error: The sandbox is not in sync with the Podfile.lock. Run 'pod install' or update your CocoaPods installation.\" >&2\n    exit 1\nfi\n# This output is used by Xcode 'outputs' to avoid re-running this script phase.\necho \"SUCCESS\" > \"${SCRIPT_OUTPUT_FILE_0}\"\n";
			showEnvVarsInLog = 0;
		};
		43E0C01C6C0BC8DF2338AFC2 /* [CP] Check Pods Manifest.lock */ = {
			isa = PBXShellScriptBuildPhase;
			buildActionMask = 2147483647;
			files = (
			);
			inputFileListPaths = (
			);
			inputPaths = (
				"${PODS_PODFILE_DIR_PATH}/Podfile.lock",
				"${PODS_ROOT}/Manifest.lock",
			);
			name = "[CP] Check Pods Manifest.lock";
			outputFileListPaths = (
			);
			outputPaths = (
				"$(DERIVED_FILE_DIR)/Pods-FlixTests-checkManifestLockResult.txt",
			);
			runOnlyForDeploymentPostprocessing = 0;
			shellPath = /bin/sh;
			shellScript = "diff \"${PODS_PODFILE_DIR_PATH}/Podfile.lock\" \"${PODS_ROOT}/Manifest.lock\" > /dev/null\nif [ $? != 0 ] ; then\n    # print error to STDERR\n    echo \"error: The sandbox is not in sync with the Podfile.lock. Run 'pod install' or update your CocoaPods installation.\" >&2\n    exit 1\nfi\n# This output is used by Xcode 'outputs' to avoid re-running this script phase.\necho \"SUCCESS\" > \"${SCRIPT_OUTPUT_FILE_0}\"\n";
			showEnvVarsInLog = 0;
		};
		54E55AC2125770C101548970 /* [CP] Check Pods Manifest.lock */ = {
			isa = PBXShellScriptBuildPhase;
			buildActionMask = 2147483647;
			files = (
			);
			inputFileListPaths = (
			);
			inputPaths = (
				"${PODS_PODFILE_DIR_PATH}/Podfile.lock",
				"${PODS_ROOT}/Manifest.lock",
			);
			name = "[CP] Check Pods Manifest.lock";
			outputFileListPaths = (
			);
			outputPaths = (
				"$(DERIVED_FILE_DIR)/Pods-Flix-checkManifestLockResult.txt",
			);
			runOnlyForDeploymentPostprocessing = 0;
			shellPath = /bin/sh;
			shellScript = "diff \"${PODS_PODFILE_DIR_PATH}/Podfile.lock\" \"${PODS_ROOT}/Manifest.lock\" > /dev/null\nif [ $? != 0 ] ; then\n    # print error to STDERR\n    echo \"error: The sandbox is not in sync with the Podfile.lock. Run 'pod install' or update your CocoaPods installation.\" >&2\n    exit 1\nfi\n# This output is used by Xcode 'outputs' to avoid re-running this script phase.\necho \"SUCCESS\" > \"${SCRIPT_OUTPUT_FILE_0}\"\n";
			showEnvVarsInLog = 0;
		};
		C81E941430256B9787CECDE5 /* [CP] Embed Pods Frameworks */ = {
			isa = PBXShellScriptBuildPhase;
			buildActionMask = 2147483647;
			files = (
			);
			inputFileListPaths = (
			);
			inputPaths = (
				"${SRCROOT}/Pods/Target Support Files/Pods-Flix/Pods-Flix-frameworks.sh",
				"${BUILT_PRODUCTS_DIR}/Alamofire/Alamofire.framework",
				"${BUILT_PRODUCTS_DIR}/AlamofireImage/AlamofireImage.framework",
			);
			name = "[CP] Embed Pods Frameworks";
			outputFileListPaths = (
			);
			outputPaths = (
				"${TARGET_BUILD_DIR}/${FRAMEWORKS_FOLDER_PATH}/Alamofire.framework",
				"${TARGET_BUILD_DIR}/${FRAMEWORKS_FOLDER_PATH}/AlamofireImage.framework",
			);
			runOnlyForDeploymentPostprocessing = 0;
			shellPath = /bin/sh;
			shellScript = "\"${SRCROOT}/Pods/Target Support Files/Pods-Flix/Pods-Flix-frameworks.sh\"\n";
			showEnvVarsInLog = 0;
		};
/* End PBXShellScriptBuildPhase section */

/* Begin PBXSourcesBuildPhase section */
		C770D7CE215C95C1004709FB /* Sources */ = {
			isa = PBXSourcesBuildPhase;
			buildActionMask = 2147483647;
			files = (
				C770D804215C9C48004709FB /* NowPlayingViewController.swift in Sources */,
				C74D894421672E3F008BC204 /* PosterCell.swift in Sources */,
				C74D894621672EC1008BC204 /* SuperheroViewController.swift in Sources */,
				C770D7D6215C95C1004709FB /* AppDelegate.swift in Sources */,
				C770D806215CAB84004709FB /* MovieCell.swift in Sources */,
				C74D89422166C3DF008BC204 /* DetailViewController.swift in Sources */,
			);
			runOnlyForDeploymentPostprocessing = 0;
		};
		C770D7E2215C95C3004709FB /* Sources */ = {
			isa = PBXSourcesBuildPhase;
			buildActionMask = 2147483647;
			files = (
				C770D7EB215C95C3004709FB /* FlixTests.swift in Sources */,
			);
			runOnlyForDeploymentPostprocessing = 0;
		};
		C770D7ED215C95C3004709FB /* Sources */ = {
			isa = PBXSourcesBuildPhase;
			buildActionMask = 2147483647;
			files = (
				C770D7F6215C95C3004709FB /* FlixUITests.swift in Sources */,
			);
			runOnlyForDeploymentPostprocessing = 0;
		};
/* End PBXSourcesBuildPhase section */

/* Begin PBXTargetDependency section */
		C770D7E8215C95C3004709FB /* PBXTargetDependency */ = {
			isa = PBXTargetDependency;
			target = C770D7D1215C95C1004709FB /* Flix */;
			targetProxy = C770D7E7215C95C3004709FB /* PBXContainerItemProxy */;
		};
		C770D7F3215C95C3004709FB /* PBXTargetDependency */ = {
			isa = PBXTargetDependency;
			target = C770D7D1215C95C1004709FB /* Flix */;
			targetProxy = C770D7F2215C95C3004709FB /* PBXContainerItemProxy */;
		};
/* End PBXTargetDependency section */

/* Begin PBXVariantGroup section */
		C770D7D9215C95C1004709FB /* Main.storyboard */ = {
			isa = PBXVariantGroup;
			children = (
				C770D7DA215C95C1004709FB /* Base */,
			);
			name = Main.storyboard;
			sourceTree = "<group>";
		};
		C770D7DE215C95C3004709FB /* LaunchScreen.storyboard */ = {
			isa = PBXVariantGroup;
			children = (
				C770D7DF215C95C3004709FB /* Base */,
			);
			name = LaunchScreen.storyboard;
			sourceTree = "<group>";
		};
/* End PBXVariantGroup section */

/* Begin XCBuildConfiguration section */
		C770D7F8215C95C3004709FB /* Debug */ = {
			isa = XCBuildConfiguration;
			buildSettings = {
				ALWAYS_SEARCH_USER_PATHS = NO;
				CLANG_ANALYZER_NONNULL = YES;
				CLANG_ANALYZER_NUMBER_OBJECT_CONVERSION = YES_AGGRESSIVE;
				CLANG_CXX_LANGUAGE_STANDARD = "gnu++14";
				CLANG_CXX_LIBRARY = "libc++";
				CLANG_ENABLE_MODULES = YES;
				CLANG_ENABLE_OBJC_ARC = YES;
				CLANG_ENABLE_OBJC_WEAK = YES;
				CLANG_WARN_BLOCK_CAPTURE_AUTORELEASING = YES;
				CLANG_WARN_BOOL_CONVERSION = YES;
				CLANG_WARN_COMMA = YES;
				CLANG_WARN_CONSTANT_CONVERSION = YES;
				CLANG_WARN_DEPRECATED_OBJC_IMPLEMENTATIONS = YES;
				CLANG_WARN_DIRECT_OBJC_ISA_USAGE = YES_ERROR;
				CLANG_WARN_DOCUMENTATION_COMMENTS = YES;
				CLANG_WARN_EMPTY_BODY = YES;
				CLANG_WARN_ENUM_CONVERSION = YES;
				CLANG_WARN_INFINITE_RECURSION = YES;
				CLANG_WARN_INT_CONVERSION = YES;
				CLANG_WARN_NON_LITERAL_NULL_CONVERSION = YES;
				CLANG_WARN_OBJC_IMPLICIT_RETAIN_SELF = YES;
				CLANG_WARN_OBJC_LITERAL_CONVERSION = YES;
				CLANG_WARN_OBJC_ROOT_CLASS = YES_ERROR;
				CLANG_WARN_RANGE_LOOP_ANALYSIS = YES;
				CLANG_WARN_STRICT_PROTOTYPES = YES;
				CLANG_WARN_SUSPICIOUS_MOVE = YES;
				CLANG_WARN_UNGUARDED_AVAILABILITY = YES_AGGRESSIVE;
				CLANG_WARN_UNREACHABLE_CODE = YES;
				CLANG_WARN__DUPLICATE_METHOD_MATCH = YES;
				CODE_SIGN_IDENTITY = "iPhone Developer";
				COPY_PHASE_STRIP = NO;
				DEBUG_INFORMATION_FORMAT = dwarf;
				ENABLE_STRICT_OBJC_MSGSEND = YES;
				ENABLE_TESTABILITY = YES;
				GCC_C_LANGUAGE_STANDARD = gnu11;
				GCC_DYNAMIC_NO_PIC = NO;
				GCC_NO_COMMON_BLOCKS = YES;
				GCC_OPTIMIZATION_LEVEL = 0;
				GCC_PREPROCESSOR_DEFINITIONS = (
					"DEBUG=1",
					"$(inherited)",
				);
				GCC_WARN_64_TO_32_BIT_CONVERSION = YES;
				GCC_WARN_ABOUT_RETURN_TYPE = YES_ERROR;
				GCC_WARN_UNDECLARED_SELECTOR = YES;
				GCC_WARN_UNINITIALIZED_AUTOS = YES_AGGRESSIVE;
				GCC_WARN_UNUSED_FUNCTION = YES;
				GCC_WARN_UNUSED_VARIABLE = YES;
				IPHONEOS_DEPLOYMENT_TARGET = 12.0;
				MTL_ENABLE_DEBUG_INFO = INCLUDE_SOURCE;
				MTL_FAST_MATH = YES;
				ONLY_ACTIVE_ARCH = YES;
				SDKROOT = iphoneos;
				SWIFT_ACTIVE_COMPILATION_CONDITIONS = DEBUG;
				SWIFT_OPTIMIZATION_LEVEL = "-Onone";
			};
			name = Debug;
		};
		C770D7F9215C95C3004709FB /* Release */ = {
			isa = XCBuildConfiguration;
			buildSettings = {
				ALWAYS_SEARCH_USER_PATHS = NO;
				CLANG_ANALYZER_NONNULL = YES;
				CLANG_ANALYZER_NUMBER_OBJECT_CONVERSION = YES_AGGRESSIVE;
				CLANG_CXX_LANGUAGE_STANDARD = "gnu++14";
				CLANG_CXX_LIBRARY = "libc++";
				CLANG_ENABLE_MODULES = YES;
				CLANG_ENABLE_OBJC_ARC = YES;
				CLANG_ENABLE_OBJC_WEAK = YES;
				CLANG_WARN_BLOCK_CAPTURE_AUTORELEASING = YES;
				CLANG_WARN_BOOL_CONVERSION = YES;
				CLANG_WARN_COMMA = YES;
				CLANG_WARN_CONSTANT_CONVERSION = YES;
				CLANG_WARN_DEPRECATED_OBJC_IMPLEMENTATIONS = YES;
				CLANG_WARN_DIRECT_OBJC_ISA_USAGE = YES_ERROR;
				CLANG_WARN_DOCUMENTATION_COMMENTS = YES;
				CLANG_WARN_EMPTY_BODY = YES;
				CLANG_WARN_ENUM_CONVERSION = YES;
				CLANG_WARN_INFINITE_RECURSION = YES;
				CLANG_WARN_INT_CONVERSION = YES;
				CLANG_WARN_NON_LITERAL_NULL_CONVERSION = YES;
				CLANG_WARN_OBJC_IMPLICIT_RETAIN_SELF = YES;
				CLANG_WARN_OBJC_LITERAL_CONVERSION = YES;
				CLANG_WARN_OBJC_ROOT_CLASS = YES_ERROR;
				CLANG_WARN_RANGE_LOOP_ANALYSIS = YES;
				CLANG_WARN_STRICT_PROTOTYPES = YES;
				CLANG_WARN_SUSPICIOUS_MOVE = YES;
				CLANG_WARN_UNGUARDED_AVAILABILITY = YES_AGGRESSIVE;
				CLANG_WARN_UNREACHABLE_CODE = YES;
				CLANG_WARN__DUPLICATE_METHOD_MATCH = YES;
				CODE_SIGN_IDENTITY = "iPhone Developer";
				COPY_PHASE_STRIP = NO;
				DEBUG_INFORMATION_FORMAT = "dwarf-with-dsym";
				ENABLE_NS_ASSERTIONS = NO;
				ENABLE_STRICT_OBJC_MSGSEND = YES;
				GCC_C_LANGUAGE_STANDARD = gnu11;
				GCC_NO_COMMON_BLOCKS = YES;
				GCC_WARN_64_TO_32_BIT_CONVERSION = YES;
				GCC_WARN_ABOUT_RETURN_TYPE = YES_ERROR;
				GCC_WARN_UNDECLARED_SELECTOR = YES;
				GCC_WARN_UNINITIALIZED_AUTOS = YES_AGGRESSIVE;
				GCC_WARN_UNUSED_FUNCTION = YES;
				GCC_WARN_UNUSED_VARIABLE = YES;
				IPHONEOS_DEPLOYMENT_TARGET = 12.0;
				MTL_ENABLE_DEBUG_INFO = NO;
				MTL_FAST_MATH = YES;
				SDKROOT = iphoneos;
				SWIFT_COMPILATION_MODE = wholemodule;
				SWIFT_OPTIMIZATION_LEVEL = "-O";
				VALIDATE_PRODUCT = YES;
			};
			name = Release;
		};
		C770D7FB215C95C3004709FB /* Debug */ = {
			isa = XCBuildConfiguration;
			baseConfigurationReference = D3B735C736B59A17ED7B960E /* Pods-Flix.debug.xcconfig */;
			buildSettings = {
				ASSETCATALOG_COMPILER_APPICON_NAME = AppIcon;
				CODE_SIGN_STYLE = Automatic;
				INFOPLIST_FILE = Flix/Info.plist;
				LD_RUNPATH_SEARCH_PATHS = (
					"$(inherited)",
					"@executable_path/Frameworks",
				);
				PRODUCT_BUNDLE_IDENTIFIER = com.codepath.Flix;
				PRODUCT_NAME = "$(TARGET_NAME)";
				SWIFT_VERSION = 4.2;
				TARGETED_DEVICE_FAMILY = "1,2";
			};
			name = Debug;
		};
		C770D7FC215C95C3004709FB /* Release */ = {
			isa = XCBuildConfiguration;
			baseConfigurationReference = BBA1E1941A0AE9897A6B0F1D /* Pods-Flix.release.xcconfig */;
			buildSettings = {
				ASSETCATALOG_COMPILER_APPICON_NAME = AppIcon;
				CODE_SIGN_STYLE = Automatic;
				INFOPLIST_FILE = Flix/Info.plist;
				LD_RUNPATH_SEARCH_PATHS = (
					"$(inherited)",
					"@executable_path/Frameworks",
				);
				PRODUCT_BUNDLE_IDENTIFIER = com.codepath.Flix;
				PRODUCT_NAME = "$(TARGET_NAME)";
				SWIFT_VERSION = 4.2;
				TARGETED_DEVICE_FAMILY = "1,2";
			};
			name = Release;
		};
		C770D7FE215C95C3004709FB /* Debug */ = {
			isa = XCBuildConfiguration;
			baseConfigurationReference = D421DFF40E5689D4B87D25A6 /* Pods-FlixTests.debug.xcconfig */;
			buildSettings = {
				ALWAYS_EMBED_SWIFT_STANDARD_LIBRARIES = YES;
				BUNDLE_LOADER = "$(TEST_HOST)";
				CODE_SIGN_STYLE = Automatic;
				INFOPLIST_FILE = FlixTests/Info.plist;
				LD_RUNPATH_SEARCH_PATHS = (
					"$(inherited)",
					"@executable_path/Frameworks",
					"@loader_path/Frameworks",
				);
				PRODUCT_BUNDLE_IDENTIFIER = com.codepath.FlixTests;
				PRODUCT_NAME = "$(TARGET_NAME)";
				SWIFT_VERSION = 4.2;
				TARGETED_DEVICE_FAMILY = "1,2";
				TEST_HOST = "$(BUILT_PRODUCTS_DIR)/Flix.app/Flix";
			};
			name = Debug;
		};
		C770D7FF215C95C3004709FB /* Release */ = {
			isa = XCBuildConfiguration;
			baseConfigurationReference = 91D04AEEAAFD3B1C277B1423 /* Pods-FlixTests.release.xcconfig */;
			buildSettings = {
				ALWAYS_EMBED_SWIFT_STANDARD_LIBRARIES = YES;
				BUNDLE_LOADER = "$(TEST_HOST)";
				CODE_SIGN_STYLE = Automatic;
				INFOPLIST_FILE = FlixTests/Info.plist;
				LD_RUNPATH_SEARCH_PATHS = (
					"$(inherited)",
					"@executable_path/Frameworks",
					"@loader_path/Frameworks",
				);
				PRODUCT_BUNDLE_IDENTIFIER = com.codepath.FlixTests;
				PRODUCT_NAME = "$(TARGET_NAME)";
				SWIFT_VERSION = 4.2;
				TARGETED_DEVICE_FAMILY = "1,2";
				TEST_HOST = "$(BUILT_PRODUCTS_DIR)/Flix.app/Flix";
			};
			name = Release;
		};
		C770D801215C95C3004709FB /* Debug */ = {
			isa = XCBuildConfiguration;
			baseConfigurationReference = B61FEAA6C68F8412B57F3096 /* Pods-FlixUITests.debug.xcconfig */;
			buildSettings = {
				ALWAYS_EMBED_SWIFT_STANDARD_LIBRARIES = YES;
				CODE_SIGN_STYLE = Automatic;
				INFOPLIST_FILE = FlixUITests/Info.plist;
				LD_RUNPATH_SEARCH_PATHS = (
					"$(inherited)",
					"@executable_path/Frameworks",
					"@loader_path/Frameworks",
				);
				PRODUCT_BUNDLE_IDENTIFIER = com.codepath.FlixUITests;
				PRODUCT_NAME = "$(TARGET_NAME)";
				SWIFT_VERSION = 4.2;
				TARGETED_DEVICE_FAMILY = "1,2";
				TEST_TARGET_NAME = Flix;
			};
			name = Debug;
		};
		C770D802215C95C3004709FB /* Release */ = {
			isa = XCBuildConfiguration;
			baseConfigurationReference = AD308EF8846784EB63D165CF /* Pods-FlixUITests.release.xcconfig */;
			buildSettings = {
				ALWAYS_EMBED_SWIFT_STANDARD_LIBRARIES = YES;
				CODE_SIGN_STYLE = Automatic;
				INFOPLIST_FILE = FlixUITests/Info.plist;
				LD_RUNPATH_SEARCH_PATHS = (
					"$(inherited)",
					"@executable_path/Frameworks",
					"@loader_path/Frameworks",
				);
				PRODUCT_BUNDLE_IDENTIFIER = com.codepath.FlixUITests;
				PRODUCT_NAME = "$(TARGET_NAME)";
				SWIFT_VERSION = 4.2;
				TARGETED_DEVICE_FAMILY = "1,2";
				TEST_TARGET_NAME = Flix;
			};
			name = Release;
		};
/* End XCBuildConfiguration section */

/* Begin XCConfigurationList section */
		C770D7CD215C95C1004709FB /* Build configuration list for PBXProject "Flix" */ = {
			isa = XCConfigurationList;
			buildConfigurations = (
				C770D7F8215C95C3004709FB /* Debug */,
				C770D7F9215C95C3004709FB /* Release */,
			);
			defaultConfigurationIsVisible = 0;
			defaultConfigurationName = Release;
		};
		C770D7FA215C95C3004709FB /* Build configuration list for PBXNativeTarget "Flix" */ = {
			isa = XCConfigurationList;
			buildConfigurations = (
				C770D7FB215C95C3004709FB /* Debug */,
				C770D7FC215C95C3004709FB /* Release */,
			);
			defaultConfigurationIsVisible = 0;
			defaultConfigurationName = Release;
		};
		C770D7FD215C95C3004709FB /* Build configuration list for PBXNativeTarget "FlixTests" */ = {
			isa = XCConfigurationList;
			buildConfigurations = (
				C770D7FE215C95C3004709FB /* Debug */,
				C770D7FF215C95C3004709FB /* Release */,
			);
			defaultConfigurationIsVisible = 0;
			defaultConfigurationName = Release;
		};
		C770D800215C95C3004709FB /* Build configuration list for PBXNativeTarget "FlixUITests" */ = {
			isa = XCConfigurationList;
			buildConfigurations = (
				C770D801215C95C3004709FB /* Debug */,
				C770D802215C95C3004709FB /* Release */,
			);
			defaultConfigurationIsVisible = 0;
			defaultConfigurationName = Release;
		};
/* End XCConfigurationList section */
	};
	rootObject = C770D7CA215C95C1004709FB /* Project object */;
}
